
Microsoft Visual Studio Solution File, Format Version 12.00
# Visual Studio Version 17
VisualStudioVersion = 17.5.002.0
MinimumVisualStudioVersion = 10.0.40219.1
Project("{9A19103F-16F7-4668-BE54-9A1E7A4F7556}") = "cursoProgramacion", "cursoProgramacion\cursoProgramacion.csproj", "{1258AA16-1727-4815-9B0B-7011B34FF601}"
EndProject
Global
	GlobalSection(SolutionConfigurationPlatforms) = preSolution
		Debug|Any CPU = Debug|Any CPU
		Release|Any CPU = Release|Any CPU
	EndGlobalSection
	GlobalSection(ProjectConfigurationPlatforms) = postSolution
		{1258AA16-1727-4815-9B0B-7011B34FF601}.Debug|Any CPU.ActiveCfg = Debug|Any CPU
		{1258AA16-1727-4815-9B0B-7011B34FF601}.Debug|Any CPU.Build.0 = Debug|Any CPU
		{1258AA16-1727-4815-9B0B-7011B34FF601}.Release|Any CPU.ActiveCfg = Release|Any CPU
		{1258AA16-1727-4815-9B0B-7011B34FF601}.Release|Any CPU.Build.0 = Release|Any CPU
	EndGlobalSection
	GlobalSection(SolutionProperties) = preSolution
		HideSolutionNode = FALSE
	EndGlobalSection
	GlobalSection(ExtensibilityGlobals) = postSolution
		SolutionGuid = {C5772496-AE1D-4E83-8A81-5AB72382E1F6}
	EndGlobalSection
EndGlobal
